
Microsoft Visual Studio Solution File, Format Version 12.00
# Visual Studio Version 17
VisualStudioVersion = 17.8.34316.72
MinimumVisualStudioVersion = 10.0.40219.1
Project("{FAE04EC0-301F-11D3-BF4B-00C04F79EFBC}") = "RoR2ChatboxEdit", "RoR2ChatboxEdit\RoR2ChatboxEdit.csproj", "{C9678805-DC76-47E4-9AF1-2A41CC17DFEF}"
EndProject
Global
	GlobalSection(SolutionConfigurationPlatforms) = preSolution
		Debug|Any CPU = Debug|Any CPU
		Release|Any CPU = Release|Any CPU
	EndGlobalSection
	GlobalSection(ProjectConfigurationPlatforms) = postSolution
		{C9678805-DC76-47E4-9AF1-2A41CC17DFEF}.Debug|Any CPU.ActiveCfg = Debug|Any CPU
		{C9678805-DC76-47E4-9AF1-2A41CC17DFEF}.Debug|Any CPU.Build.0 = Debug|Any CPU
		{C9678805-DC76-47E4-9AF1-2A41CC17DFEF}.Release|Any CPU.ActiveCfg = Release|Any CPU
		{C9678805-DC76-47E4-9AF1-2A41CC17DFEF}.Release|Any CPU.Build.0 = Release|Any CPU
	EndGlobalSection
	GlobalSection(SolutionProperties) = preSolution
		HideSolutionNode = FALSE
	EndGlobalSection
	GlobalSection(ExtensibilityGlobals) = postSolution
		SolutionGuid = {881481DB-0DD6-46FD-B662-13A6D0B4D32A}
	EndGlobalSection
EndGlobal
